
Microsoft Visual Studio Solution File, Format Version 12.00
# Visual Studio 15
VisualStudioVersion = 15.0.26228.23
MinimumVisualStudioVersion = 10.0.40219.1
Project("{2150E333-8FDC-42A3-9474-1A3956D46DE8}") = "CPJiraParser", "CPJiraParser", "{9F195F50-04DE-439D-9BD4-84FF8B1CCCC9}"
EndProject
Project("{FAE04EC0-301F-11D3-BF4B-00C04F79EFBC}") = "CPJiraParserNotes", "CPHeliosParserNotes\CPJiraParserNotes.csproj", "{FEA2EE04-7CC6-45DF-B5EE-872E5965DEA8}"
EndProject
Project("{FAE04EC0-301F-11D3-BF4B-00C04F79EFBC}") = "GUI", "GUI\GUI.csproj", "{6355435C-9CD7-48F6-BBDF-B877BF4E9CDC}"
	ProjectSection(ProjectDependencies) = postProject
		{95515F41-A80C-4A27-AC14-47649B45B62A} = {95515F41-A80C-4A27-AC14-47649B45B62A}
	EndProjectSection
EndProject
Project("{FAE04EC0-301F-11D3-BF4B-00C04F79EFBC}") = "LogicLayer", "Logic\LogicLayer.csproj", "{9BC0DDD8-C348-4D11-9461-B8D0DB390C41}"
EndProject
Project("{FAE04EC0-301F-11D3-BF4B-00C04F79EFBC}") = "DataLayer", "DataLayer\DataLayer.csproj", "{95515F41-A80C-4A27-AC14-47649B45B62A}"
	ProjectSection(ProjectDependencies) = postProject
		{6084730D-34FD-400B-8D9B-EDC6747FCEF0} = {6084730D-34FD-400B-8D9B-EDC6747FCEF0}
	EndProjectSection
EndProject
Project("{FAE04EC0-301F-11D3-BF4B-00C04F79EFBC}") = "Entities", "Entities\Entities.csproj", "{40B3F977-62E2-449D-9046-522EE6C22B2D}"
EndProject
Project("{FAE04EC0-301F-11D3-BF4B-00C04F79EFBC}") = "Utility", "Utility\Utility.csproj", "{012CB7AD-38C4-49E8-9997-B2474B6392D3}"
EndProject
Project("{FAE04EC0-301F-11D3-BF4B-00C04F79EFBC}") = "DataService4HP", "DataService4HP\DataService4HP.csproj", "{6084730D-34FD-400B-8D9B-EDC6747FCEF0}"
EndProject
Project("{FAE04EC0-301F-11D3-BF4B-00C04F79EFBC}") = "Logging", "Logging\Logging.csproj", "{E8183D4C-72C8-48C5-A776-6142642D8075}"
EndProject
Project("{FAE04EC0-301F-11D3-BF4B-00C04F79EFBC}") = "GUI.Tests", "GUI.Tests\GUI.Tests.csproj", "{4DDB8C83-A3AA-42AD-BB11-EAF6F6E0E15D}"
EndProject
Global
	GlobalSection(SolutionConfigurationPlatforms) = preSolution
		Debug|Any CPU = Debug|Any CPU
		Release|Any CPU = Release|Any CPU
		ReleaseABI|Any CPU = ReleaseABI|Any CPU
		ReleaseDEV|Any CPU = ReleaseDEV|Any CPU
	EndGlobalSection
	GlobalSection(ProjectConfigurationPlatforms) = postSolution
		{FEA2EE04-7CC6-45DF-B5EE-872E5965DEA8}.Debug|Any CPU.ActiveCfg = Debug|Any CPU
		{FEA2EE04-7CC6-45DF-B5EE-872E5965DEA8}.Debug|Any CPU.Build.0 = Debug|Any CPU
		{FEA2EE04-7CC6-45DF-B5EE-872E5965DEA8}.Release|Any CPU.ActiveCfg = Release|Any CPU
		{FEA2EE04-7CC6-45DF-B5EE-872E5965DEA8}.Release|Any CPU.Build.0 = Release|Any CPU
		{FEA2EE04-7CC6-45DF-B5EE-872E5965DEA8}.ReleaseABI|Any CPU.ActiveCfg = ReleaseABI|Any CPU
		{FEA2EE04-7CC6-45DF-B5EE-872E5965DEA8}.ReleaseABI|Any CPU.Build.0 = ReleaseABI|Any CPU
		{FEA2EE04-7CC6-45DF-B5EE-872E5965DEA8}.ReleaseDEV|Any CPU.ActiveCfg = ReleaseDEV|Any CPU
		{FEA2EE04-7CC6-45DF-B5EE-872E5965DEA8}.ReleaseDEV|Any CPU.Build.0 = ReleaseDEV|Any CPU
		{6355435C-9CD7-48F6-BBDF-B877BF4E9CDC}.Debug|Any CPU.ActiveCfg = Debug|Any CPU
		{6355435C-9CD7-48F6-BBDF-B877BF4E9CDC}.Debug|Any CPU.Build.0 = Debug|Any CPU
		{6355435C-9CD7-48F6-BBDF-B877BF4E9CDC}.Release|Any CPU.ActiveCfg = Release|Any CPU
		{6355435C-9CD7-48F6-BBDF-B877BF4E9CDC}.Release|Any CPU.Build.0 = Release|Any CPU
		{6355435C-9CD7-48F6-BBDF-B877BF4E9CDC}.ReleaseABI|Any CPU.ActiveCfg = Release|Any CPU
		{6355435C-9CD7-48F6-BBDF-B877BF4E9CDC}.ReleaseABI|Any CPU.Build.0 = Release|Any CPU
		{6355435C-9CD7-48F6-BBDF-B877BF4E9CDC}.ReleaseDEV|Any CPU.ActiveCfg = Release|Any CPU
		{6355435C-9CD7-48F6-BBDF-B877BF4E9CDC}.ReleaseDEV|Any CPU.Build.0 = Release|Any CPU
		{9BC0DDD8-C348-4D11-9461-B8D0DB390C41}.Debug|Any CPU.ActiveCfg = Debug|Any CPU
		{9BC0DDD8-C348-4D11-9461-B8D0DB390C41}.Debug|Any CPU.Build.0 = Debug|Any CPU
		{9BC0DDD8-C348-4D11-9461-B8D0DB390C41}.Release|Any CPU.ActiveCfg = Release|Any CPU
		{9BC0DDD8-C348-4D11-9461-B8D0DB390C41}.Release|Any CPU.Build.0 = Release|Any CPU
		{9BC0DDD8-C348-4D11-9461-B8D0DB390C41}.ReleaseABI|Any CPU.ActiveCfg = ReleaseABI|Any CPU
		{9BC0DDD8-C348-4D11-9461-B8D0DB390C41}.ReleaseABI|Any CPU.Build.0 = ReleaseABI|Any CPU
		{9BC0DDD8-C348-4D11-9461-B8D0DB390C41}.ReleaseDEV|Any CPU.ActiveCfg = ReleaseDEV|Any CPU
		{9BC0DDD8-C348-4D11-9461-B8D0DB390C41}.ReleaseDEV|Any CPU.Build.0 = ReleaseDEV|Any CPU
		{95515F41-A80C-4A27-AC14-47649B45B62A}.Debug|Any CPU.ActiveCfg = Debug|Any CPU
		{95515F41-A80C-4A27-AC14-47649B45B62A}.Debug|Any CPU.Build.0 = Debug|Any CPU
		{95515F41-A80C-4A27-AC14-47649B45B62A}.Release|Any CPU.ActiveCfg = Release|Any CPU
		{95515F41-A80C-4A27-AC14-47649B45B62A}.Release|Any CPU.Build.0 = Release|Any CPU
		{95515F41-A80C-4A27-AC14-47649B45B62A}.ReleaseABI|Any CPU.ActiveCfg = ReleaseABI|Any CPU
		{95515F41-A80C-4A27-AC14-47649B45B62A}.ReleaseABI|Any CPU.Build.0 = ReleaseABI|Any CPU
		{95515F41-A80C-4A27-AC14-47649B45B62A}.ReleaseDEV|Any CPU.ActiveCfg = ReleaseDEV|Any CPU
		{95515F41-A80C-4A27-AC14-47649B45B62A}.ReleaseDEV|Any CPU.Build.0 = ReleaseDEV|Any CPU
		{40B3F977-62E2-449D-9046-522EE6C22B2D}.Debug|Any CPU.ActiveCfg = Debug|Any CPU
		{40B3F977-62E2-449D-9046-522EE6C22B2D}.Debug|Any CPU.Build.0 = Debug|Any CPU
		{40B3F977-62E2-449D-9046-522EE6C22B2D}.Release|Any CPU.ActiveCfg = Release|Any CPU
		{40B3F977-62E2-449D-9046-522EE6C22B2D}.Release|Any CPU.Build.0 = Release|Any CPU
		{40B3F977-62E2-449D-9046-522EE6C22B2D}.ReleaseABI|Any CPU.ActiveCfg = ReleaseABI|Any CPU
		{40B3F977-62E2-449D-9046-522EE6C22B2D}.ReleaseABI|Any CPU.Build.0 = ReleaseABI|Any CPU
		{40B3F977-62E2-449D-9046-522EE6C22B2D}.ReleaseDEV|Any CPU.ActiveCfg = ReleaseDEV|Any CPU
		{40B3F977-62E2-449D-9046-522EE6C22B2D}.ReleaseDEV|Any CPU.Build.0 = ReleaseDEV|Any CPU
		{012CB7AD-38C4-49E8-9997-B2474B6392D3}.Debug|Any CPU.ActiveCfg = Debug|Any CPU
		{012CB7AD-38C4-49E8-9997-B2474B6392D3}.Debug|Any CPU.Build.0 = Debug|Any CPU
		{012CB7AD-38C4-49E8-9997-B2474B6392D3}.Release|Any CPU.ActiveCfg = Release|Any CPU
		{012CB7AD-38C4-49E8-9997-B2474B6392D3}.Release|Any CPU.Build.0 = Release|Any CPU
		{012CB7AD-38C4-49E8-9997-B2474B6392D3}.ReleaseABI|Any CPU.ActiveCfg = ReleaseABI|Any CPU
		{012CB7AD-38C4-49E8-9997-B2474B6392D3}.ReleaseABI|Any CPU.Build.0 = ReleaseABI|Any CPU
		{012CB7AD-38C4-49E8-9997-B2474B6392D3}.ReleaseDEV|Any CPU.ActiveCfg = ReleaseDEV|Any CPU
		{012CB7AD-38C4-49E8-9997-B2474B6392D3}.ReleaseDEV|Any CPU.Build.0 = ReleaseDEV|Any CPU
		{6084730D-34FD-400B-8D9B-EDC6747FCEF0}.Debug|Any CPU.ActiveCfg = Debug|Any CPU
		{6084730D-34FD-400B-8D9B-EDC6747FCEF0}.Debug|Any CPU.Build.0 = Debug|Any CPU
		{6084730D-34FD-400B-8D9B-EDC6747FCEF0}.Release|Any CPU.ActiveCfg = Release|Any CPU
		{6084730D-34FD-400B-8D9B-EDC6747FCEF0}.Release|Any CPU.Build.0 = Release|Any CPU
		{6084730D-34FD-400B-8D9B-EDC6747FCEF0}.ReleaseABI|Any CPU.ActiveCfg = ReleaseABI|Any CPU
		{6084730D-34FD-400B-8D9B-EDC6747FCEF0}.ReleaseABI|Any CPU.Build.0 = ReleaseABI|Any CPU
		{6084730D-34FD-400B-8D9B-EDC6747FCEF0}.ReleaseDEV|Any CPU.ActiveCfg = ReleaseDEV|Any CPU
		{6084730D-34FD-400B-8D9B-EDC6747FCEF0}.ReleaseDEV|Any CPU.Build.0 = ReleaseDEV|Any CPU
		{E8183D4C-72C8-48C5-A776-6142642D8075}.Debug|Any CPU.ActiveCfg = Debug|Any CPU
		{E8183D4C-72C8-48C5-A776-6142642D8075}.Debug|Any CPU.Build.0 = Debug|Any CPU
		{E8183D4C-72C8-48C5-A776-6142642D8075}.Release|Any CPU.ActiveCfg = Release|Any CPU
		{E8183D4C-72C8-48C5-A776-6142642D8075}.Release|Any CPU.Build.0 = Release|Any CPU
		{E8183D4C-72C8-48C5-A776-6142642D8075}.Release|Any CPU.Deploy.0 = Release|Any CPU
		{E8183D4C-72C8-48C5-A776-6142642D8075}.ReleaseABI|Any CPU.ActiveCfg = ReleaseABI|Any CPU
		{E8183D4C-72C8-48C5-A776-6142642D8075}.ReleaseABI|Any CPU.Build.0 = ReleaseABI|Any CPU
		{E8183D4C-72C8-48C5-A776-6142642D8075}.ReleaseDEV|Any CPU.ActiveCfg = ReleaseDEV|Any CPU
		{E8183D4C-72C8-48C5-A776-6142642D8075}.ReleaseDEV|Any CPU.Build.0 = ReleaseDEV|Any CPU
		{4DDB8C83-A3AA-42AD-BB11-EAF6F6E0E15D}.Debug|Any CPU.ActiveCfg = Debug|Any CPU
		{4DDB8C83-A3AA-42AD-BB11-EAF6F6E0E15D}.Debug|Any CPU.Build.0 = Debug|Any CPU
		{4DDB8C83-A3AA-42AD-BB11-EAF6F6E0E15D}.Release|Any CPU.ActiveCfg = Release|Any CPU
		{4DDB8C83-A3AA-42AD-BB11-EAF6F6E0E15D}.Release|Any CPU.Build.0 = Release|Any CPU
		{4DDB8C83-A3AA-42AD-BB11-EAF6F6E0E15D}.ReleaseABI|Any CPU.ActiveCfg = Release|Any CPU
		{4DDB8C83-A3AA-42AD-BB11-EAF6F6E0E15D}.ReleaseABI|Any CPU.Build.0 = Release|Any CPU
		{4DDB8C83-A3AA-42AD-BB11-EAF6F6E0E15D}.ReleaseDEV|Any CPU.ActiveCfg = Release|Any CPU
		{4DDB8C83-A3AA-42AD-BB11-EAF6F6E0E15D}.ReleaseDEV|Any CPU.Build.0 = Release|Any CPU
	EndGlobalSection
	GlobalSection(SolutionProperties) = preSolution
		HideSolutionNode = FALSE
	EndGlobalSection
	GlobalSection(NestedProjects) = preSolution
		{6355435C-9CD7-48F6-BBDF-B877BF4E9CDC} = {9F195F50-04DE-439D-9BD4-84FF8B1CCCC9}
		{9BC0DDD8-C348-4D11-9461-B8D0DB390C41} = {9F195F50-04DE-439D-9BD4-84FF8B1CCCC9}
		{95515F41-A80C-4A27-AC14-47649B45B62A} = {9F195F50-04DE-439D-9BD4-84FF8B1CCCC9}
		{40B3F977-62E2-449D-9046-522EE6C22B2D} = {9F195F50-04DE-439D-9BD4-84FF8B1CCCC9}
		{012CB7AD-38C4-49E8-9997-B2474B6392D3} = {9F195F50-04DE-439D-9BD4-84FF8B1CCCC9}
	EndGlobalSection
	GlobalSection(ExtensibilityGlobals) = postSolution
		EnterpriseLibraryConfigurationToolBinariesPath = packages\Unity.2.1.505.2\lib\NET35
		SolutionGuid = {E81DAB86-8B8D-431E-BF00-40BAF3B7B682}
	EndGlobalSection
EndGlobal
